
Microsoft Visual Studio Solution File, Format Version 12.00
# Visual Studio 15
VisualStudioVersion = 15.0.27703.2035
MinimumVisualStudioVersion = 10.0.40219.1
Project("{FAE04EC0-301F-11D3-BF4B-00C04F79EFBC}") = "MarkdownNote.Net", "MarkdownPad.Net\MarkdownNote.Net.csproj", "{019078AA-DFD3-4334-88BF-AA3D05B972A3}"
EndProject
Global
	GlobalSection(SolutionConfigurationPlatforms) = preSolution
		Debug|Any CPU = Debug|Any CPU
		Release|Any CPU = Release|Any CPU
	EndGlobalSection
	GlobalSection(ProjectConfigurationPlatforms) = postSolution
		{019078AA-DFD3-4334-88BF-AA3D05B972A3}.Debug|Any CPU.ActiveCfg = Debug|Any CPU
		{019078AA-DFD3-4334-88BF-AA3D05B972A3}.Debug|Any CPU.Build.0 = Debug|Any CPU
		{019078AA-DFD3-4334-88BF-AA3D05B972A3}.Release|Any CPU.ActiveCfg = Release|Any CPU
		{019078AA-DFD3-4334-88BF-AA3D05B972A3}.Release|Any CPU.Build.0 = Release|Any CPU
	EndGlobalSection
	GlobalSection(SolutionProperties) = preSolution
		HideSolutionNode = FALSE
	EndGlobalSection
	GlobalSection(ExtensibilityGlobals) = postSolution
		SolutionGuid = {4AFC73AA-9560-42DC-85A0-F94ED3D6398C}
	EndGlobalSection
EndGlobal
